
Microsoft Visual Studio Solution File, Format Version 12.00
# Visual Studio Version 17
VisualStudioVersion = 17.5.33530.505
MinimumVisualStudioVersion = 10.0.40219.1
Project("{FAE04EC0-301F-11D3-BF4B-00C04F79EFBC}") = "Project", "Project\Project.csproj", "{3E8157A2-C1F6-413D-99B6-F1857B738B9A}"
EndProject
Project("{FAE04EC0-301F-11D3-BF4B-00C04F79EFBC}") = "Core", "Core\Core.csproj", "{2A85EC03-83F6-47B9-B549-46132B7A7925}"
EndProject
Project("{FAE04EC0-301F-11D3-BF4B-00C04F79EFBC}") = "DataLayer", "DataLayer\DataLayer.csproj", "{647C9471-C895-421B-8B1F-6B27EA1E8696}"
EndProject
Project("{FAE04EC0-301F-11D3-BF4B-00C04F79EFBC}") = "Infrastructure", "Infrastructure\Infrastructure.csproj", "{F2716875-B12E-411E-B758-7DFBAC6BE921}"
EndProject
Global
	GlobalSection(SolutionConfigurationPlatforms) = preSolution
		Debug|Any CPU = Debug|Any CPU
		Release|Any CPU = Release|Any CPU
	EndGlobalSection
	GlobalSection(ProjectConfigurationPlatforms) = postSolution
		{3E8157A2-C1F6-413D-99B6-F1857B738B9A}.Debug|Any CPU.ActiveCfg = Debug|Any CPU
		{3E8157A2-C1F6-413D-99B6-F1857B738B9A}.Debug|Any CPU.Build.0 = Debug|Any CPU
		{3E8157A2-C1F6-413D-99B6-F1857B738B9A}.Release|Any CPU.ActiveCfg = Release|Any CPU
		{3E8157A2-C1F6-413D-99B6-F1857B738B9A}.Release|Any CPU.Build.0 = Release|Any CPU
		{2A85EC03-83F6-47B9-B549-46132B7A7925}.Debug|Any CPU.ActiveCfg = Debug|Any CPU
		{2A85EC03-83F6-47B9-B549-46132B7A7925}.Debug|Any CPU.Build.0 = Debug|Any CPU
		{2A85EC03-83F6-47B9-B549-46132B7A7925}.Release|Any CPU.ActiveCfg = Release|Any CPU
		{2A85EC03-83F6-47B9-B549-46132B7A7925}.Release|Any CPU.Build.0 = Release|Any CPU
		{647C9471-C895-421B-8B1F-6B27EA1E8696}.Debug|Any CPU.ActiveCfg = Debug|Any CPU
		{647C9471-C895-421B-8B1F-6B27EA1E8696}.Debug|Any CPU.Build.0 = Debug|Any CPU
		{647C9471-C895-421B-8B1F-6B27EA1E8696}.Release|Any CPU.ActiveCfg = Release|Any CPU
		{647C9471-C895-421B-8B1F-6B27EA1E8696}.Release|Any CPU.Build.0 = Release|Any CPU
		{F2716875-B12E-411E-B758-7DFBAC6BE921}.Debug|Any CPU.ActiveCfg = Debug|Any CPU
		{F2716875-B12E-411E-B758-7DFBAC6BE921}.Debug|Any CPU.Build.0 = Debug|Any CPU
		{F2716875-B12E-411E-B758-7DFBAC6BE921}.Release|Any CPU.ActiveCfg = Release|Any CPU
		{F2716875-B12E-411E-B758-7DFBAC6BE921}.Release|Any CPU.Build.0 = Release|Any CPU
	EndGlobalSection
	GlobalSection(SolutionProperties) = preSolution
		HideSolutionNode = FALSE
	EndGlobalSection
	GlobalSection(ExtensibilityGlobals) = postSolution
		SolutionGuid = {4C63E947-B945-4BA1-B4A1-C3337606C1BF}
	EndGlobalSection
EndGlobal
